
Microsoft Visual Studio Solution File, Format Version 12.00
# Visual Studio Version 17
VisualStudioVersion = 17.5.33530.505
MinimumVisualStudioVersion = 10.0.40219.1
Project("{FAE04EC0-301F-11D3-BF4B-00C04F79EFBC}") = "lab_8_OOP", "lab_8_OOP.csproj", "{257F93A9-2236-49FE-9CBF-39ED03BBBA71}"
EndProject
Global
	GlobalSection(SolutionConfigurationPlatforms) = preSolution
		Debug|Any CPU = Debug|Any CPU
		Release|Any CPU = Release|Any CPU
	EndGlobalSection
	GlobalSection(ProjectConfigurationPlatforms) = postSolution
		{257F93A9-2236-49FE-9CBF-39ED03BBBA71}.Debug|Any CPU.ActiveCfg = Debug|Any CPU
		{257F93A9-2236-49FE-9CBF-39ED03BBBA71}.Debug|Any CPU.Build.0 = Debug|Any CPU
		{257F93A9-2236-49FE-9CBF-39ED03BBBA71}.Release|Any CPU.ActiveCfg = Release|Any CPU
		{257F93A9-2236-49FE-9CBF-39ED03BBBA71}.Release|Any CPU.Build.0 = Release|Any CPU
	EndGlobalSection
	GlobalSection(SolutionProperties) = preSolution
		HideSolutionNode = FALSE
	EndGlobalSection
	GlobalSection(ExtensibilityGlobals) = postSolution
		SolutionGuid = {773A8A62-A5C8-49CB-B7A9-F51A60C86A2D}
	EndGlobalSection
EndGlobal
