
Microsoft Visual Studio Solution File, Format Version 12.00
# Visual Studio Version 17
VisualStudioVersion = 17.5.33530.505
MinimumVisualStudioVersion = 10.0.40219.1
Project("{FAE04EC0-301F-11D3-BF4B-00C04F79EFBC}") = "lab_6_OOP", "lab_6_OOP.csproj", "{682277C9-AD73-434D-8F87-B058025773A4}"
EndProject
Global
	GlobalSection(SolutionConfigurationPlatforms) = preSolution
		Debug|Any CPU = Debug|Any CPU
		Release|Any CPU = Release|Any CPU
	EndGlobalSection
	GlobalSection(ProjectConfigurationPlatforms) = postSolution
		{682277C9-AD73-434D-8F87-B058025773A4}.Debug|Any CPU.ActiveCfg = Debug|Any CPU
		{682277C9-AD73-434D-8F87-B058025773A4}.Debug|Any CPU.Build.0 = Debug|Any CPU
		{682277C9-AD73-434D-8F87-B058025773A4}.Release|Any CPU.ActiveCfg = Release|Any CPU
		{682277C9-AD73-434D-8F87-B058025773A4}.Release|Any CPU.Build.0 = Release|Any CPU
	EndGlobalSection
	GlobalSection(SolutionProperties) = preSolution
		HideSolutionNode = FALSE
	EndGlobalSection
	GlobalSection(ExtensibilityGlobals) = postSolution
		SolutionGuid = {85FFDA3A-B3E6-4FDA-9F68-4D18756C34E6}
	EndGlobalSection
EndGlobal
